
Microsoft Visual Studio Solution File, Format Version 12.00
# Visual Studio Version 17
VisualStudioVersion = 17.11.35222.181
MinimumVisualStudioVersion = 10.0.40219.1
Project("{8BC9CEB8-8B4A-11D0-8D11-00A0C91BC942}") = "001_HelloWorld", "001_HelloWorld\001_HelloWorld.vcxproj", "{DCF9F9A6-F96A-4E89-8C67-00682C51C51F}"
EndProject
Project("{8BC9CEB8-8B4A-11D0-8D11-00A0C91BC942}") = "002_name", "002_name\002_name.vcxproj", "{7B8FC910-492D-439E-9C7B-DC1B58E73309}"
EndProject
Project("{8BC9CEB8-8B4A-11D0-8D11-00A0C91BC942}") = "003_smallest", "003_smallest\003_smallest.vcxproj", "{E6F55093-43A1-4D73-B806-F47424A3101E}"
EndProject
Project("{8BC9CEB8-8B4A-11D0-8D11-00A0C91BC942}") = "004_애국가", "004_애국가\004_애국가.vcxproj", "{A119D905-5841-4B05-936C-14E4A551A270}"
EndProject
Project("{8BC9CEB8-8B4A-11D0-8D11-00A0C91BC942}") = "005_plus", "005_plus\005_plus.vcxproj", "{1BCA9786-3AB5-40CC-AE61-2384DA37332A}"
EndProject
Project("{8BC9CEB8-8B4A-11D0-8D11-00A0C91BC942}") = "006_format", "006_format\006_format.vcxproj", "{0F4D5B8A-611D-492D-ABDE-063C2C7C63AD}"
EndProject
Project("{8BC9CEB8-8B4A-11D0-8D11-00A0C91BC942}") = "007_variable", "007_variable\007_variable.vcxproj", "{0FFAA6AF-6CE2-4797-A589-090504F99D8B}"
EndProject
Project("{8BC9CEB8-8B4A-11D0-8D11-00A0C91BC942}") = "009_sizeof", "009_sizeof\009_sizeof.vcxproj", "{1DFD3F6F-11CF-4079-B6E7-C0647638E4CD}"
EndProject
Project("{8BC9CEB8-8B4A-11D0-8D11-00A0C91BC942}") = "010_type", "010_type\010_type.vcxproj", "{F82E0712-2347-4ED7-8C36-A6CA312BE9EB}"
EndProject
Project("{8BC9CEB8-8B4A-11D0-8D11-00A0C91BC942}") = "011_average", "011_average\011_average.vcxproj", "{0BEA963F-FA47-4F3D-9B02-E9B72223A9EA}"
EndProject
Project("{8BC9CEB8-8B4A-11D0-8D11-00A0C91BC942}") = "012_ascii", "012_ascii\012_ascii.vcxproj", "{10DBA545-3F93-45F0-9E1E-6AD9F1BB5BAD}"
EndProject
Project("{8BC9CEB8-8B4A-11D0-8D11-00A0C91BC942}") = "013_ASCII2", "013_ASCII2\013_ASCII2.vcxproj", "{99E95360-D398-49A1-A0EB-56CB8F8DB703}"
EndProject
Project("{8BC9CEB8-8B4A-11D0-8D11-00A0C91BC942}") = "014_increment", "014_increment\014_increment.vcxproj", "{3CBE8F5B-7FFE-4874-8C91-91F3401F89BF}"
EndProject
Project("{8BC9CEB8-8B4A-11D0-8D11-00A0C91BC942}") = "015_relationalOp", "015_relationalOp\015_relationalOp.vcxproj", "{B513EE70-E1A5-4545-9C3F-DF2E36326C24}"
EndProject
Project("{8BC9CEB8-8B4A-11D0-8D11-00A0C91BC942}") = "016_logicalOp", "016_logicalOp\016_logicalOp.vcxproj", "{F04296B0-D8BC-420A-920D-B0FDCB10BFFB}"
EndProject
Project("{8BC9CEB8-8B4A-11D0-8D11-00A0C91BC942}") = "030_breakContinue", "030_breakContinue\030_breakContinue.vcxproj", "{E0EC4F09-37D9-406F-8E05-55351726E65A}"
EndProject
Project("{8BC9CEB8-8B4A-11D0-8D11-00A0C91BC942}") = "031_doubleLoop", "031_doubleLoop\031_doubleLoop.vcxproj", "{4F973D6A-F3C4-4C5D-BF18-E2EAF4D546F5}"
EndProject
Project("{8BC9CEB8-8B4A-11D0-8D11-00A0C91BC942}") = "032_array", "032_array\032_array.vcxproj", "{43BE92AE-2289-402E-8A12-307E72C30928}"
EndProject
Project("{8BC9CEB8-8B4A-11D0-8D11-00A0C91BC942}") = "033_arrPrint", "033_arrPrint\033_arrPrint.vcxproj", "{F93D01B8-A79F-4310-9423-85C3255ECF72}"
EndProject
Project("{8BC9CEB8-8B4A-11D0-8D11-00A0C91BC942}") = "034_twoDArray", "034_twoDArray\034_twoDArray.vcxproj", "{DDAE8C7F-461C-4BE1-A9B2-0D6E2D8868A4}"
EndProject
Project("{8BC9CEB8-8B4A-11D0-8D11-00A0C91BC942}") = "035_p150.4", "035_p150.4\035_p150.4.vcxproj", "{A03387DA-A3B5-41C2-A7AC-18E5895ADAF6}"
EndProject
Project("{8BC9CEB8-8B4A-11D0-8D11-00A0C91BC942}") = "036_string", "036_string\036_string.vcxproj", "{D2453FA3-5410-489C-804C-27175F977816}"
EndProject
Project("{8BC9CEB8-8B4A-11D0-8D11-00A0C91BC942}") = "037_strlen", "037_strlen\037_strlen.vcxproj", "{25F52237-E4A3-4D42-A14C-EB066EF8A5FB}"
EndProject
Project("{8BC9CEB8-8B4A-11D0-8D11-00A0C91BC942}") = "038_pointer", "038_pointer\038_pointer.vcxproj", "{C88B8993-F18D-43D7-93E2-2F6265B70856}"
EndProject
Project("{8BC9CEB8-8B4A-11D0-8D11-00A0C91BC942}") = "039_pointer2", "039_pointer2\039_pointer2.vcxproj", "{7803A611-8653-4CC2-A39B-71E1948E4B7A}"
EndProject
Project("{8BC9CEB8-8B4A-11D0-8D11-00A0C91BC942}") = "040_doublePointer", "040_doublePointer\040_doublePointer.vcxproj", "{0C33F2EF-5177-44CE-BEF7-72B21F32AFD8}"
EndProject
Project("{8BC9CEB8-8B4A-11D0-8D11-00A0C91BC942}") = "041_pointerPlusInt", "041_pointerPlusInt\041_pointerPlusInt.vcxproj", "{4A9F8919-35E2-4431-B44F-C1FC1F13B958}"
EndProject
Project("{8BC9CEB8-8B4A-11D0-8D11-00A0C91BC942}") = "017_scanf", "017_scanf\017_scanf.vcxproj", "{14CED500-504B-4779-B478-D495D024A945}"
EndProject
Project("{8BC9CEB8-8B4A-11D0-8D11-00A0C91BC942}") = "019_evenOdd", "019_evenOdd\019_evenOdd.vcxproj", "{5F996293-DBD4-4867-8712-F4EC21CF3A32}"
EndProject
Project("{8BC9CEB8-8B4A-11D0-8D11-00A0C91BC942}") = "026_menuLoop", "026_menuLoop\026_menuLoop.vcxproj", "{FBBD2BD5-9293-4509-AF60-CA50CD082A66}"
EndProject
Project("{8BC9CEB8-8B4A-11D0-8D11-00A0C91BC942}") = "018_nextchar", "018_nextchar\018_nextchar.vcxproj", "{F7081270-7CD5-4280-B8B5-7728ACC60590}"
EndProject
Project("{8BC9CEB8-8B4A-11D0-8D11-00A0C91BC942}") = "023_switch", "023_switch\023_switch.vcxproj", "{B08996FD-03F1-4992-B899-8C6DE7889D25}"
EndProject
Project("{8BC9CEB8-8B4A-11D0-8D11-00A0C91BC942}") = "008_artimathic", "008_artimathic\008_artimathic.vcxproj", "{932E288E-D8D8-4A60-8CC0-8D7A5E675CD1}"
EndProject
Global
	GlobalSection(SolutionConfigurationPlatforms) = preSolution
		Debug|x64 = Debug|x64
		Debug|x86 = Debug|x86
		Release|x64 = Release|x64
		Release|x86 = Release|x86
	EndGlobalSection
	GlobalSection(ProjectConfigurationPlatforms) = postSolution
		{DCF9F9A6-F96A-4E89-8C67-00682C51C51F}.Debug|x64.ActiveCfg = Debug|x64
		{DCF9F9A6-F96A-4E89-8C67-00682C51C51F}.Debug|x64.Build.0 = Debug|x64
		{DCF9F9A6-F96A-4E89-8C67-00682C51C51F}.Debug|x86.ActiveCfg = Debug|Win32
		{DCF9F9A6-F96A-4E89-8C67-00682C51C51F}.Debug|x86.Build.0 = Debug|Win32
		{DCF9F9A6-F96A-4E89-8C67-00682C51C51F}.Release|x64.ActiveCfg = Release|x64
		{DCF9F9A6-F96A-4E89-8C67-00682C51C51F}.Release|x64.Build.0 = Release|x64
		{DCF9F9A6-F96A-4E89-8C67-00682C51C51F}.Release|x86.ActiveCfg = Release|Win32
		{DCF9F9A6-F96A-4E89-8C67-00682C51C51F}.Release|x86.Build.0 = Release|Win32
		{7B8FC910-492D-439E-9C7B-DC1B58E73309}.Debug|x64.ActiveCfg = Debug|x64
		{7B8FC910-492D-439E-9C7B-DC1B58E73309}.Debug|x64.Build.0 = Debug|x64
		{7B8FC910-492D-439E-9C7B-DC1B58E73309}.Debug|x86.ActiveCfg = Debug|Win32
		{7B8FC910-492D-439E-9C7B-DC1B58E73309}.Debug|x86.Build.0 = Debug|Win32
		{7B8FC910-492D-439E-9C7B-DC1B58E73309}.Release|x64.ActiveCfg = Release|x64
		{7B8FC910-492D-439E-9C7B-DC1B58E73309}.Release|x64.Build.0 = Release|x64
		{7B8FC910-492D-439E-9C7B-DC1B58E73309}.Release|x86.ActiveCfg = Release|Win32
		{7B8FC910-492D-439E-9C7B-DC1B58E73309}.Release|x86.Build.0 = Release|Win32
		{E6F55093-43A1-4D73-B806-F47424A3101E}.Debug|x64.ActiveCfg = Debug|x64
		{E6F55093-43A1-4D73-B806-F47424A3101E}.Debug|x64.Build.0 = Debug|x64
		{E6F55093-43A1-4D73-B806-F47424A3101E}.Debug|x86.ActiveCfg = Debug|Win32
		{E6F55093-43A1-4D73-B806-F47424A3101E}.Debug|x86.Build.0 = Debug|Win32
		{E6F55093-43A1-4D73-B806-F47424A3101E}.Release|x64.ActiveCfg = Release|x64
		{E6F55093-43A1-4D73-B806-F47424A3101E}.Release|x64.Build.0 = Release|x64
		{E6F55093-43A1-4D73-B806-F47424A3101E}.Release|x86.ActiveCfg = Release|Win32
		{E6F55093-43A1-4D73-B806-F47424A3101E}.Release|x86.Build.0 = Release|Win32
		{A119D905-5841-4B05-936C-14E4A551A270}.Debug|x64.ActiveCfg = Debug|x64
		{A119D905-5841-4B05-936C-14E4A551A270}.Debug|x64.Build.0 = Debug|x64
		{A119D905-5841-4B05-936C-14E4A551A270}.Debug|x86.ActiveCfg = Debug|Win32
		{A119D905-5841-4B05-936C-14E4A551A270}.Debug|x86.Build.0 = Debug|Win32
		{A119D905-5841-4B05-936C-14E4A551A270}.Release|x64.ActiveCfg = Release|x64
		{A119D905-5841-4B05-936C-14E4A551A270}.Release|x64.Build.0 = Release|x64
		{A119D905-5841-4B05-936C-14E4A551A270}.Release|x86.ActiveCfg = Release|Win32
		{A119D905-5841-4B05-936C-14E4A551A270}.Release|x86.Build.0 = Release|Win32
		{1BCA9786-3AB5-40CC-AE61-2384DA37332A}.Debug|x64.ActiveCfg = Debug|x64
		{1BCA9786-3AB5-40CC-AE61-2384DA37332A}.Debug|x64.Build.0 = Debug|x64
		{1BCA9786-3AB5-40CC-AE61-2384DA37332A}.Debug|x86.ActiveCfg = Debug|Win32
		{1BCA9786-3AB5-40CC-AE61-2384DA37332A}.Debug|x86.Build.0 = Debug|Win32
		{1BCA9786-3AB5-40CC-AE61-2384DA37332A}.Release|x64.ActiveCfg = Release|x64
		{1BCA9786-3AB5-40CC-AE61-2384DA37332A}.Release|x64.Build.0 = Release|x64
		{1BCA9786-3AB5-40CC-AE61-2384DA37332A}.Release|x86.ActiveCfg = Release|Win32
		{1BCA9786-3AB5-40CC-AE61-2384DA37332A}.Release|x86.Build.0 = Release|Win32
		{0F4D5B8A-611D-492D-ABDE-063C2C7C63AD}.Debug|x64.ActiveCfg = Debug|x64
		{0F4D5B8A-611D-492D-ABDE-063C2C7C63AD}.Debug|x64.Build.0 = Debug|x64
		{0F4D5B8A-611D-492D-ABDE-063C2C7C63AD}.Debug|x86.ActiveCfg = Debug|Win32
		{0F4D5B8A-611D-492D-ABDE-063C2C7C63AD}.Debug|x86.Build.0 = Debug|Win32
		{0F4D5B8A-611D-492D-ABDE-063C2C7C63AD}.Release|x64.ActiveCfg = Release|x64
		{0F4D5B8A-611D-492D-ABDE-063C2C7C63AD}.Release|x64.Build.0 = Release|x64
		{0F4D5B8A-611D-492D-ABDE-063C2C7C63AD}.Release|x86.ActiveCfg = Release|Win32
		{0F4D5B8A-611D-492D-ABDE-063C2C7C63AD}.Release|x86.Build.0 = Release|Win32
		{0FFAA6AF-6CE2-4797-A589-090504F99D8B}.Debug|x64.ActiveCfg = Debug|x64
		{0FFAA6AF-6CE2-4797-A589-090504F99D8B}.Debug|x64.Build.0 = Debug|x64
		{0FFAA6AF-6CE2-4797-A589-090504F99D8B}.Debug|x86.ActiveCfg = Debug|Win32
		{0FFAA6AF-6CE2-4797-A589-090504F99D8B}.Debug|x86.Build.0 = Debug|Win32
		{0FFAA6AF-6CE2-4797-A589-090504F99D8B}.Release|x64.ActiveCfg = Release|x64
		{0FFAA6AF-6CE2-4797-A589-090504F99D8B}.Release|x64.Build.0 = Release|x64
		{0FFAA6AF-6CE2-4797-A589-090504F99D8B}.Release|x86.ActiveCfg = Release|Win32
		{0FFAA6AF-6CE2-4797-A589-090504F99D8B}.Release|x86.Build.0 = Release|Win32
		{1DFD3F6F-11CF-4079-B6E7-C0647638E4CD}.Debug|x64.ActiveCfg = Debug|x64
		{1DFD3F6F-11CF-4079-B6E7-C0647638E4CD}.Debug|x64.Build.0 = Debug|x64
		{1DFD3F6F-11CF-4079-B6E7-C0647638E4CD}.Debug|x86.ActiveCfg = Debug|Win32
		{1DFD3F6F-11CF-4079-B6E7-C0647638E4CD}.Debug|x86.Build.0 = Debug|Win32
		{1DFD3F6F-11CF-4079-B6E7-C0647638E4CD}.Release|x64.ActiveCfg = Release|x64
		{1DFD3F6F-11CF-4079-B6E7-C0647638E4CD}.Release|x64.Build.0 = Release|x64
		{1DFD3F6F-11CF-4079-B6E7-C0647638E4CD}.Release|x86.ActiveCfg = Release|Win32
		{1DFD3F6F-11CF-4079-B6E7-C0647638E4CD}.Release|x86.Build.0 = Release|Win32
		{F82E0712-2347-4ED7-8C36-A6CA312BE9EB}.Debug|x64.ActiveCfg = Debug|x64
		{F82E0712-2347-4ED7-8C36-A6CA312BE9EB}.Debug|x64.Build.0 = Debug|x64
		{F82E0712-2347-4ED7-8C36-A6CA312BE9EB}.Debug|x86.ActiveCfg = Debug|Win32
		{F82E0712-2347-4ED7-8C36-A6CA312BE9EB}.Debug|x86.Build.0 = Debug|Win32
		{F82E0712-2347-4ED7-8C36-A6CA312BE9EB}.Release|x64.ActiveCfg = Release|x64
		{F82E0712-2347-4ED7-8C36-A6CA312BE9EB}.Release|x64.Build.0 = Release|x64
		{F82E0712-2347-4ED7-8C36-A6CA312BE9EB}.Release|x86.ActiveCfg = Release|Win32
		{F82E0712-2347-4ED7-8C36-A6CA312BE9EB}.Release|x86.Build.0 = Release|Win32
		{0BEA963F-FA47-4F3D-9B02-E9B72223A9EA}.Debug|x64.ActiveCfg = Debug|x64
		{0BEA963F-FA47-4F3D-9B02-E9B72223A9EA}.Debug|x64.Build.0 = Debug|x64
		{0BEA963F-FA47-4F3D-9B02-E9B72223A9EA}.Debug|x86.ActiveCfg = Debug|Win32
		{0BEA963F-FA47-4F3D-9B02-E9B72223A9EA}.Debug|x86.Build.0 = Debug|Win32
		{0BEA963F-FA47-4F3D-9B02-E9B72223A9EA}.Release|x64.ActiveCfg = Release|x64
		{0BEA963F-FA47-4F3D-9B02-E9B72223A9EA}.Release|x64.Build.0 = Release|x64
		{0BEA963F-FA47-4F3D-9B02-E9B72223A9EA}.Release|x86.ActiveCfg = Release|Win32
		{0BEA963F-FA47-4F3D-9B02-E9B72223A9EA}.Release|x86.Build.0 = Release|Win32
		{10DBA545-3F93-45F0-9E1E-6AD9F1BB5BAD}.Debug|x64.ActiveCfg = Debug|x64
		{10DBA545-3F93-45F0-9E1E-6AD9F1BB5BAD}.Debug|x64.Build.0 = Debug|x64
		{10DBA545-3F93-45F0-9E1E-6AD9F1BB5BAD}.Debug|x86.ActiveCfg = Debug|Win32
		{10DBA545-3F93-45F0-9E1E-6AD9F1BB5BAD}.Debug|x86.Build.0 = Debug|Win32
		{10DBA545-3F93-45F0-9E1E-6AD9F1BB5BAD}.Release|x64.ActiveCfg = Release|x64
		{10DBA545-3F93-45F0-9E1E-6AD9F1BB5BAD}.Release|x64.Build.0 = Release|x64
		{10DBA545-3F93-45F0-9E1E-6AD9F1BB5BAD}.Release|x86.ActiveCfg = Release|Win32
		{10DBA545-3F93-45F0-9E1E-6AD9F1BB5BAD}.Release|x86.Build.0 = Release|Win32
		{99E95360-D398-49A1-A0EB-56CB8F8DB703}.Debug|x64.ActiveCfg = Debug|x64
		{99E95360-D398-49A1-A0EB-56CB8F8DB703}.Debug|x64.Build.0 = Debug|x64
		{99E95360-D398-49A1-A0EB-56CB8F8DB703}.Debug|x86.ActiveCfg = Debug|Win32
		{99E95360-D398-49A1-A0EB-56CB8F8DB703}.Debug|x86.Build.0 = Debug|Win32
		{99E95360-D398-49A1-A0EB-56CB8F8DB703}.Release|x64.ActiveCfg = Release|x64
		{99E95360-D398-49A1-A0EB-56CB8F8DB703}.Release|x64.Build.0 = Release|x64
		{99E95360-D398-49A1-A0EB-56CB8F8DB703}.Release|x86.ActiveCfg = Release|Win32
		{99E95360-D398-49A1-A0EB-56CB8F8DB703}.Release|x86.Build.0 = Release|Win32
		{3CBE8F5B-7FFE-4874-8C91-91F3401F89BF}.Debug|x64.ActiveCfg = Debug|x64
		{3CBE8F5B-7FFE-4874-8C91-91F3401F89BF}.Debug|x64.Build.0 = Debug|x64
		{3CBE8F5B-7FFE-4874-8C91-91F3401F89BF}.Debug|x86.ActiveCfg = Debug|Win32
		{3CBE8F5B-7FFE-4874-8C91-91F3401F89BF}.Debug|x86.Build.0 = Debug|Win32
		{3CBE8F5B-7FFE-4874-8C91-91F3401F89BF}.Release|x64.ActiveCfg = Release|x64
		{3CBE8F5B-7FFE-4874-8C91-91F3401F89BF}.Release|x64.Build.0 = Release|x64
		{3CBE8F5B-7FFE-4874-8C91-91F3401F89BF}.Release|x86.ActiveCfg = Release|Win32
		{3CBE8F5B-7FFE-4874-8C91-91F3401F89BF}.Release|x86.Build.0 = Release|Win32
		{B513EE70-E1A5-4545-9C3F-DF2E36326C24}.Debug|x64.ActiveCfg = Debug|x64
		{B513EE70-E1A5-4545-9C3F-DF2E36326C24}.Debug|x64.Build.0 = Debug|x64
		{B513EE70-E1A5-4545-9C3F-DF2E36326C24}.Debug|x86.ActiveCfg = Debug|Win32
		{B513EE70-E1A5-4545-9C3F-DF2E36326C24}.Debug|x86.Build.0 = Debug|Win32
		{B513EE70-E1A5-4545-9C3F-DF2E36326C24}.Release|x64.ActiveCfg = Release|x64
		{B513EE70-E1A5-4545-9C3F-DF2E36326C24}.Release|x64.Build.0 = Release|x64
		{B513EE70-E1A5-4545-9C3F-DF2E36326C24}.Release|x86.ActiveCfg = Release|Win32
		{B513EE70-E1A5-4545-9C3F-DF2E36326C24}.Release|x86.Build.0 = Release|Win32
		{F04296B0-D8BC-420A-920D-B0FDCB10BFFB}.Debug|x64.ActiveCfg = Debug|x64
		{F04296B0-D8BC-420A-920D-B0FDCB10BFFB}.Debug|x64.Build.0 = Debug|x64
		{F04296B0-D8BC-420A-920D-B0FDCB10BFFB}.Debug|x86.ActiveCfg = Debug|Win32
		{F04296B0-D8BC-420A-920D-B0FDCB10BFFB}.Debug|x86.Build.0 = Debug|Win32
		{F04296B0-D8BC-420A-920D-B0FDCB10BFFB}.Release|x64.ActiveCfg = Release|x64
		{F04296B0-D8BC-420A-920D-B0FDCB10BFFB}.Release|x64.Build.0 = Release|x64
		{F04296B0-D8BC-420A-920D-B0FDCB10BFFB}.Release|x86.ActiveCfg = Release|Win32
		{F04296B0-D8BC-420A-920D-B0FDCB10BFFB}.Release|x86.Build.0 = Release|Win32
		{E0EC4F09-37D9-406F-8E05-55351726E65A}.Debug|x64.ActiveCfg = Debug|x64
		{E0EC4F09-37D9-406F-8E05-55351726E65A}.Debug|x64.Build.0 = Debug|x64
		{E0EC4F09-37D9-406F-8E05-55351726E65A}.Debug|x86.ActiveCfg = Debug|Win32
		{E0EC4F09-37D9-406F-8E05-55351726E65A}.Debug|x86.Build.0 = Debug|Win32
		{E0EC4F09-37D9-406F-8E05-55351726E65A}.Release|x64.ActiveCfg = Release|x64
		{E0EC4F09-37D9-406F-8E05-55351726E65A}.Release|x64.Build.0 = Release|x64
		{E0EC4F09-37D9-406F-8E05-55351726E65A}.Release|x86.ActiveCfg = Release|Win32
		{E0EC4F09-37D9-406F-8E05-55351726E65A}.Release|x86.Build.0 = Release|Win32
		{4F973D6A-F3C4-4C5D-BF18-E2EAF4D546F5}.Debug|x64.ActiveCfg = Debug|x64
		{4F973D6A-F3C4-4C5D-BF18-E2EAF4D546F5}.Debug|x64.Build.0 = Debug|x64
		{4F973D6A-F3C4-4C5D-BF18-E2EAF4D546F5}.Debug|x86.ActiveCfg = Debug|Win32
		{4F973D6A-F3C4-4C5D-BF18-E2EAF4D546F5}.Debug|x86.Build.0 = Debug|Win32
		{4F973D6A-F3C4-4C5D-BF18-E2EAF4D546F5}.Release|x64.ActiveCfg = Release|x64
		{4F973D6A-F3C4-4C5D-BF18-E2EAF4D546F5}.Release|x64.Build.0 = Release|x64
		{4F973D6A-F3C4-4C5D-BF18-E2EAF4D546F5}.Release|x86.ActiveCfg = Release|Win32
		{4F973D6A-F3C4-4C5D-BF18-E2EAF4D546F5}.Release|x86.Build.0 = Release|Win32
		{43BE92AE-2289-402E-8A12-307E72C30928}.Debug|x64.ActiveCfg = Debug|x64
		{43BE92AE-2289-402E-8A12-307E72C30928}.Debug|x64.Build.0 = Debug|x64
		{43BE92AE-2289-402E-8A12-307E72C30928}.Debug|x86.ActiveCfg = Debug|Win32
		{43BE92AE-2289-402E-8A12-307E72C30928}.Debug|x86.Build.0 = Debug|Win32
		{43BE92AE-2289-402E-8A12-307E72C30928}.Release|x64.ActiveCfg = Release|x64
		{43BE92AE-2289-402E-8A12-307E72C30928}.Release|x64.Build.0 = Release|x64
		{43BE92AE-2289-402E-8A12-307E72C30928}.Release|x86.ActiveCfg = Release|Win32
		{43BE92AE-2289-402E-8A12-307E72C30928}.Release|x86.Build.0 = Release|Win32
		{F93D01B8-A79F-4310-9423-85C3255ECF72}.Debug|x64.ActiveCfg = Debug|x64
		{F93D01B8-A79F-4310-9423-85C3255ECF72}.Debug|x64.Build.0 = Debug|x64
		{F93D01B8-A79F-4310-9423-85C3255ECF72}.Debug|x86.ActiveCfg = Debug|Win32
		{F93D01B8-A79F-4310-9423-85C3255ECF72}.Debug|x86.Build.0 = Debug|Win32
		{F93D01B8-A79F-4310-9423-85C3255ECF72}.Release|x64.ActiveCfg = Release|x64
		{F93D01B8-A79F-4310-9423-85C3255ECF72}.Release|x64.Build.0 = Release|x64
		{F93D01B8-A79F-4310-9423-85C3255ECF72}.Release|x86.ActiveCfg = Release|Win32
		{F93D01B8-A79F-4310-9423-85C3255ECF72}.Release|x86.Build.0 = Release|Win32
		{DDAE8C7F-461C-4BE1-A9B2-0D6E2D8868A4}.Debug|x64.ActiveCfg = Debug|x64
		{DDAE8C7F-461C-4BE1-A9B2-0D6E2D8868A4}.Debug|x64.Build.0 = Debug|x64
		{DDAE8C7F-461C-4BE1-A9B2-0D6E2D8868A4}.Debug|x86.ActiveCfg = Debug|Win32
		{DDAE8C7F-461C-4BE1-A9B2-0D6E2D8868A4}.Debug|x86.Build.0 = Debug|Win32
		{DDAE8C7F-461C-4BE1-A9B2-0D6E2D8868A4}.Release|x64.ActiveCfg = Release|x64
		{DDAE8C7F-461C-4BE1-A9B2-0D6E2D8868A4}.Release|x64.Build.0 = Release|x64
		{DDAE8C7F-461C-4BE1-A9B2-0D6E2D8868A4}.Release|x86.ActiveCfg = Release|Win32
		{DDAE8C7F-461C-4BE1-A9B2-0D6E2D8868A4}.Release|x86.Build.0 = Release|Win32
		{A03387DA-A3B5-41C2-A7AC-18E5895ADAF6}.Debug|x64.ActiveCfg = Debug|x64
		{A03387DA-A3B5-41C2-A7AC-18E5895ADAF6}.Debug|x64.Build.0 = Debug|x64
		{A03387DA-A3B5-41C2-A7AC-18E5895ADAF6}.Debug|x86.ActiveCfg = Debug|Win32
		{A03387DA-A3B5-41C2-A7AC-18E5895ADAF6}.Debug|x86.Build.0 = Debug|Win32
		{A03387DA-A3B5-41C2-A7AC-18E5895ADAF6}.Release|x64.ActiveCfg = Release|x64
		{A03387DA-A3B5-41C2-A7AC-18E5895ADAF6}.Release|x64.Build.0 = Release|x64
		{A03387DA-A3B5-41C2-A7AC-18E5895ADAF6}.Release|x86.ActiveCfg = Release|Win32
		{A03387DA-A3B5-41C2-A7AC-18E5895ADAF6}.Release|x86.Build.0 = Release|Win32
		{D2453FA3-5410-489C-804C-27175F977816}.Debug|x64.ActiveCfg = Debug|x64
		{D2453FA3-5410-489C-804C-27175F977816}.Debug|x64.Build.0 = Debug|x64
		{D2453FA3-5410-489C-804C-27175F977816}.Debug|x86.ActiveCfg = Debug|Win32
		{D2453FA3-5410-489C-804C-27175F977816}.Debug|x86.Build.0 = Debug|Win32
		{D2453FA3-5410-489C-804C-27175F977816}.Release|x64.ActiveCfg = Release|x64
		{D2453FA3-5410-489C-804C-27175F977816}.Release|x64.Build.0 = Release|x64
		{D2453FA3-5410-489C-804C-27175F977816}.Release|x86.ActiveCfg = Release|Win32
		{D2453FA3-5410-489C-804C-27175F977816}.Release|x86.Build.0 = Release|Win32
		{25F52237-E4A3-4D42-A14C-EB066EF8A5FB}.Debug|x64.ActiveCfg = Debug|x64
		{25F52237-E4A3-4D42-A14C-EB066EF8A5FB}.Debug|x64.Build.0 = Debug|x64
		{25F52237-E4A3-4D42-A14C-EB066EF8A5FB}.Debug|x86.ActiveCfg = Debug|Win32
		{25F52237-E4A3-4D42-A14C-EB066EF8A5FB}.Debug|x86.Build.0 = Debug|Win32
		{25F52237-E4A3-4D42-A14C-EB066EF8A5FB}.Release|x64.ActiveCfg = Release|x64
		{25F52237-E4A3-4D42-A14C-EB066EF8A5FB}.Release|x64.Build.0 = Release|x64
		{25F52237-E4A3-4D42-A14C-EB066EF8A5FB}.Release|x86.ActiveCfg = Release|Win32
		{25F52237-E4A3-4D42-A14C-EB066EF8A5FB}.Release|x86.Build.0 = Release|Win32
		{C88B8993-F18D-43D7-93E2-2F6265B70856}.Debug|x64.ActiveCfg = Debug|x64
		{C88B8993-F18D-43D7-93E2-2F6265B70856}.Debug|x64.Build.0 = Debug|x64
		{C88B8993-F18D-43D7-93E2-2F6265B70856}.Debug|x86.ActiveCfg = Debug|Win32
		{C88B8993-F18D-43D7-93E2-2F6265B70856}.Debug|x86.Build.0 = Debug|Win32
		{C88B8993-F18D-43D7-93E2-2F6265B70856}.Release|x64.ActiveCfg = Release|x64
		{C88B8993-F18D-43D7-93E2-2F6265B70856}.Release|x64.Build.0 = Release|x64
		{C88B8993-F18D-43D7-93E2-2F6265B70856}.Release|x86.ActiveCfg = Release|Win32
		{C88B8993-F18D-43D7-93E2-2F6265B70856}.Release|x86.Build.0 = Release|Win32
		{7803A611-8653-4CC2-A39B-71E1948E4B7A}.Debug|x64.ActiveCfg = Debug|x64
		{7803A611-8653-4CC2-A39B-71E1948E4B7A}.Debug|x64.Build.0 = Debug|x64
		{7803A611-8653-4CC2-A39B-71E1948E4B7A}.Debug|x86.ActiveCfg = Debug|Win32
		{7803A611-8653-4CC2-A39B-71E1948E4B7A}.Debug|x86.Build.0 = Debug|Win32
		{7803A611-8653-4CC2-A39B-71E1948E4B7A}.Release|x64.ActiveCfg = Release|x64
		{7803A611-8653-4CC2-A39B-71E1948E4B7A}.Release|x64.Build.0 = Release|x64
		{7803A611-8653-4CC2-A39B-71E1948E4B7A}.Release|x86.ActiveCfg = Release|Win32
		{7803A611-8653-4CC2-A39B-71E1948E4B7A}.Release|x86.Build.0 = Release|Win32
		{0C33F2EF-5177-44CE-BEF7-72B21F32AFD8}.Debug|x64.ActiveCfg = Debug|x64
		{0C33F2EF-5177-44CE-BEF7-72B21F32AFD8}.Debug|x64.Build.0 = Debug|x64
		{0C33F2EF-5177-44CE-BEF7-72B21F32AFD8}.Debug|x86.ActiveCfg = Debug|Win32
		{0C33F2EF-5177-44CE-BEF7-72B21F32AFD8}.Debug|x86.Build.0 = Debug|Win32
		{0C33F2EF-5177-44CE-BEF7-72B21F32AFD8}.Release|x64.ActiveCfg = Release|x64
		{0C33F2EF-5177-44CE-BEF7-72B21F32AFD8}.Release|x64.Build.0 = Release|x64
		{0C33F2EF-5177-44CE-BEF7-72B21F32AFD8}.Release|x86.ActiveCfg = Release|Win32
		{0C33F2EF-5177-44CE-BEF7-72B21F32AFD8}.Release|x86.Build.0 = Release|Win32
		{4A9F8919-35E2-4431-B44F-C1FC1F13B958}.Debug|x64.ActiveCfg = Debug|x64
		{4A9F8919-35E2-4431-B44F-C1FC1F13B958}.Debug|x64.Build.0 = Debug|x64
		{4A9F8919-35E2-4431-B44F-C1FC1F13B958}.Debug|x86.ActiveCfg = Debug|Win32
		{4A9F8919-35E2-4431-B44F-C1FC1F13B958}.Debug|x86.Build.0 = Debug|Win32
		{4A9F8919-35E2-4431-B44F-C1FC1F13B958}.Release|x64.ActiveCfg = Release|x64
		{4A9F8919-35E2-4431-B44F-C1FC1F13B958}.Release|x64.Build.0 = Release|x64
		{4A9F8919-35E2-4431-B44F-C1FC1F13B958}.Release|x86.ActiveCfg = Release|Win32
		{4A9F8919-35E2-4431-B44F-C1FC1F13B958}.Release|x86.Build.0 = Release|Win32
		{14CED500-504B-4779-B478-D495D024A945}.Debug|x64.ActiveCfg = Debug|x64
		{14CED500-504B-4779-B478-D495D024A945}.Debug|x64.Build.0 = Debug|x64
		{14CED500-504B-4779-B478-D495D024A945}.Debug|x86.ActiveCfg = Debug|Win32
		{14CED500-504B-4779-B478-D495D024A945}.Debug|x86.Build.0 = Debug|Win32
		{14CED500-504B-4779-B478-D495D024A945}.Release|x64.ActiveCfg = Release|x64
		{14CED500-504B-4779-B478-D495D024A945}.Release|x64.Build.0 = Release|x64
		{14CED500-504B-4779-B478-D495D024A945}.Release|x86.ActiveCfg = Release|Win32
		{14CED500-504B-4779-B478-D495D024A945}.Release|x86.Build.0 = Release|Win32
		{5F996293-DBD4-4867-8712-F4EC21CF3A32}.Debug|x64.ActiveCfg = Debug|x64
		{5F996293-DBD4-4867-8712-F4EC21CF3A32}.Debug|x64.Build.0 = Debug|x64
		{5F996293-DBD4-4867-8712-F4EC21CF3A32}.Debug|x86.ActiveCfg = Debug|Win32
		{5F996293-DBD4-4867-8712-F4EC21CF3A32}.Debug|x86.Build.0 = Debug|Win32
		{5F996293-DBD4-4867-8712-F4EC21CF3A32}.Release|x64.ActiveCfg = Release|x64
		{5F996293-DBD4-4867-8712-F4EC21CF3A32}.Release|x64.Build.0 = Release|x64
		{5F996293-DBD4-4867-8712-F4EC21CF3A32}.Release|x86.ActiveCfg = Release|Win32
		{5F996293-DBD4-4867-8712-F4EC21CF3A32}.Release|x86.Build.0 = Release|Win32
		{FBBD2BD5-9293-4509-AF60-CA50CD082A66}.Debug|x64.ActiveCfg = Debug|x64
		{FBBD2BD5-9293-4509-AF60-CA50CD082A66}.Debug|x64.Build.0 = Debug|x64
		{FBBD2BD5-9293-4509-AF60-CA50CD082A66}.Debug|x86.ActiveCfg = Debug|Win32
		{FBBD2BD5-9293-4509-AF60-CA50CD082A66}.Debug|x86.Build.0 = Debug|Win32
		{FBBD2BD5-9293-4509-AF60-CA50CD082A66}.Release|x64.ActiveCfg = Release|x64
		{FBBD2BD5-9293-4509-AF60-CA50CD082A66}.Release|x64.Build.0 = Release|x64
		{FBBD2BD5-9293-4509-AF60-CA50CD082A66}.Release|x86.ActiveCfg = Release|Win32
		{FBBD2BD5-9293-4509-AF60-CA50CD082A66}.Release|x86.Build.0 = Release|Win32
		{F7081270-7CD5-4280-B8B5-7728ACC60590}.Debug|x64.ActiveCfg = Debug|x64
		{F7081270-7CD5-4280-B8B5-7728ACC60590}.Debug|x64.Build.0 = Debug|x64
		{F7081270-7CD5-4280-B8B5-7728ACC60590}.Debug|x86.ActiveCfg = Debug|Win32
		{F7081270-7CD5-4280-B8B5-7728ACC60590}.Debug|x86.Build.0 = Debug|Win32
		{F7081270-7CD5-4280-B8B5-7728ACC60590}.Release|x64.ActiveCfg = Release|x64
		{F7081270-7CD5-4280-B8B5-7728ACC60590}.Release|x64.Build.0 = Release|x64
		{F7081270-7CD5-4280-B8B5-7728ACC60590}.Release|x86.ActiveCfg = Release|Win32
		{F7081270-7CD5-4280-B8B5-7728ACC60590}.Release|x86.Build.0 = Release|Win32
		{B08996FD-03F1-4992-B899-8C6DE7889D25}.Debug|x64.ActiveCfg = Debug|x64
		{B08996FD-03F1-4992-B899-8C6DE7889D25}.Debug|x64.Build.0 = Debug|x64
		{B08996FD-03F1-4992-B899-8C6DE7889D25}.Debug|x86.ActiveCfg = Debug|Win32
		{B08996FD-03F1-4992-B899-8C6DE7889D25}.Debug|x86.Build.0 = Debug|Win32
		{B08996FD-03F1-4992-B899-8C6DE7889D25}.Release|x64.ActiveCfg = Release|x64
		{B08996FD-03F1-4992-B899-8C6DE7889D25}.Release|x64.Build.0 = Release|x64
		{B08996FD-03F1-4992-B899-8C6DE7889D25}.Release|x86.ActiveCfg = Release|Win32
		{B08996FD-03F1-4992-B899-8C6DE7889D25}.Release|x86.Build.0 = Release|Win32
		{932E288E-D8D8-4A60-8CC0-8D7A5E675CD1}.Debug|x64.ActiveCfg = Debug|x64
		{932E288E-D8D8-4A60-8CC0-8D7A5E675CD1}.Debug|x64.Build.0 = Debug|x64
		{932E288E-D8D8-4A60-8CC0-8D7A5E675CD1}.Debug|x86.ActiveCfg = Debug|Win32
		{932E288E-D8D8-4A60-8CC0-8D7A5E675CD1}.Debug|x86.Build.0 = Debug|Win32
		{932E288E-D8D8-4A60-8CC0-8D7A5E675CD1}.Release|x64.ActiveCfg = Release|x64
		{932E288E-D8D8-4A60-8CC0-8D7A5E675CD1}.Release|x64.Build.0 = Release|x64
		{932E288E-D8D8-4A60-8CC0-8D7A5E675CD1}.Release|x86.ActiveCfg = Release|Win32
		{932E288E-D8D8-4A60-8CC0-8D7A5E675CD1}.Release|x86.Build.0 = Release|Win32
	EndGlobalSection
	GlobalSection(SolutionProperties) = preSolution
		HideSolutionNode = FALSE
	EndGlobalSection
	GlobalSection(ExtensibilityGlobals) = postSolution
		SolutionGuid = {E1E1EE64-31E8-4DA7-B8DB-789824F81574}
	EndGlobalSection
EndGlobal
