
Microsoft Visual Studio Solution File, Format Version 12.00
# Visual Studio Version 17
VisualStudioVersion = 17.6.33829.357
MinimumVisualStudioVersion = 10.0.40219.1
Project("{8BC9CEB8-8B4A-11D0-8D11-00A0C91BC942}") = "001_HELLOWorld", "001_HELLOWorld\001_HELLOWorld.vcxproj", "{23A330D8-CCEB-4ACA-B950-1571F5A47E41}"
EndProject
Project("{8BC9CEB8-8B4A-11D0-8D11-00A0C91BC942}") = "002_name", "002_name\002_name.vcxproj", "{0CA3B1B5-3007-46C0-8220-E40539FB6B1C}"
EndProject
Project("{8BC9CEB8-8B4A-11D0-8D11-00A0C91BC942}") = "003_smallest", "00\00.vcxproj", "{3B58D48F-890F-402F-B964-47FB4F2E00AC}"
EndProject
Project("{8BC9CEB8-8B4A-11D0-8D11-00A0C91BC942}") = "004_애국가", "004_애국가\004_애국가.vcxproj", "{545BB7CF-4063-4668-90C6-59EE386FF661}"
EndProject
Project("{8BC9CEB8-8B4A-11D0-8D11-00A0C91BC942}") = "005_plus", "005_plus\005_plus.vcxproj", "{40742112-ADD1-4771-AF49-EB01C44A6206}"
EndProject
Project("{8BC9CEB8-8B4A-11D0-8D11-00A0C91BC942}") = "006_format", "006_format\006_format.vcxproj", "{3B52CD4B-BFEE-4C97-BF2F-E53C7A7EA0D9}"
EndProject
Project("{8BC9CEB8-8B4A-11D0-8D11-00A0C91BC942}") = "007_variable", "007_variable\007_variable.vcxproj", "{2047B5A4-714E-4D94-9EE5-8969458E28A4}"
EndProject
Project("{8BC9CEB8-8B4A-11D0-8D11-00A0C91BC942}") = "008_arithmetic", "008_arithmetic\008_arithmetic.vcxproj", "{50EE1219-90FF-409D-A29E-526C643A464E}"
EndProject
Project("{8BC9CEB8-8B4A-11D0-8D11-00A0C91BC942}") = "017_scanf", "017_scanf\017_scanf.vcxproj", "{643D7560-9D2B-4017-84CC-8C0153E7E735}"
EndProject
Project("{8BC9CEB8-8B4A-11D0-8D11-00A0C91BC942}") = "018_nextchar", "018_nextchar\018_nextchar.vcxproj", "{44E18725-CE38-4587-8191-6FB45451C7D9}"
EndProject
Project("{8BC9CEB8-8B4A-11D0-8D11-00A0C91BC942}") = "019_evenOdd", "019_evenOdd\019_evenOdd.vcxproj", "{1D46804D-08D8-45F6-9E54-9C3F70740E9D}"
EndProject
Project("{8BC9CEB8-8B4A-11D0-8D11-00A0C91BC942}") = "020_plusMinus", "020_plusMinus\020_plusMinus.vcxproj", "{7A28FB55-5687-487D-A7BE-781B6EE6FA1A}"
EndProject
Project("{8BC9CEB8-8B4A-11D0-8D11-00A0C91BC942}") = "021_descending", "021_descending\021_descending.vcxproj", "{647DB2C0-C57F-444D-9D0B-D69E725DE9A0}"
EndProject
Project("{8BC9CEB8-8B4A-11D0-8D11-00A0C91BC942}") = "022_menu", "022_menu\022_menu.vcxproj", "{367A1412-E0CA-4BD4-AC68-29CC077798DC}"
EndProject
Project("{8BC9CEB8-8B4A-11D0-8D11-00A0C91BC942}") = "023_switch", "023_switch\023_switch.vcxproj", "{6CD2C4DF-E763-49AB-8880-8DF42C5F16A2}"
EndProject
Project("{8BC9CEB8-8B4A-11D0-8D11-00A0C91BC942}") = "024_while", "024_while\024_while.vcxproj", "{3D474A80-0C55-4D9D-AAAF-9D93D817EC83}"
EndProject
Project("{8BC9CEB8-8B4A-11D0-8D11-00A0C91BC942}") = "025_doWhile", "025_doWhile\025_doWhile.vcxproj", "{A927ACC1-83DB-4D49-898A-007AB979EC5E}"
EndProject
Project("{8BC9CEB8-8B4A-11D0-8D11-00A0C91BC942}") = "026_menuLoop", "026_menuLoop\026_menuLoop.vcxproj", "{54FCBD43-5404-4EBE-98BF-C60C30F76663}"
EndProject
Project("{8BC9CEB8-8B4A-11D0-8D11-00A0C91BC942}") = "027_3Problems", "027_3Problems\027_3Problems.vcxproj", "{9333F519-9726-4EC1-B3B4-8B7C9F0FDAC8}"
EndProject
Project("{8BC9CEB8-8B4A-11D0-8D11-00A0C91BC942}") = "028_3problemsFor", "028_3problemsFor\028_3problemsFor.vcxproj", "{4638BEDE-7244-408F-8742-F4AC3440FDFB}"
EndProject
Project("{8BC9CEB8-8B4A-11D0-8D11-00A0C91BC942}") = "029_ex4_17", "029_ex4_17\029_ex4_17.vcxproj", "{2883FCA5-33AD-4F83-BD2B-9CEA21AA9E4F}"
EndProject
Project("{8BC9CEB8-8B4A-11D0-8D11-00A0C91BC942}") = "030_breakContinue", "030_breakContinue\030_breakContinue.vcxproj", "{7CBAF760-84AA-4513-AF3C-E8C694FAF0CC}"
EndProject
Project("{8BC9CEB8-8B4A-11D0-8D11-00A0C91BC942}") = "031_doubleLoop", "031_doubleLoop\031_doubleLoop.vcxproj", "{0AADC812-E512-42E3-A074-84BCD6AE60EB}"
EndProject
Project("{8BC9CEB8-8B4A-11D0-8D11-00A0C91BC942}") = "032_array", "032_array\032_array.vcxproj", "{08156DE4-309E-4634-8341-20C44AA9B483}"
EndProject
Project("{8BC9CEB8-8B4A-11D0-8D11-00A0C91BC942}") = "033_arrPrint", "033_arrPrint\033_arrPrint.vcxproj", "{7DB6AB3E-A7A5-4510-A870-11AE2308796F}"
EndProject
Project("{8BC9CEB8-8B4A-11D0-8D11-00A0C91BC942}") = "035_p150.4", "035_p150.4\035_p150.4.vcxproj", "{2BBA7581-7728-4352-8028-65EDE6ECD87A}"
EndProject
Project("{8BC9CEB8-8B4A-11D0-8D11-00A0C91BC942}") = "034_twoDArray", "034_twoDArray\034_twoDArray.vcxproj", "{496B9E02-7331-4BCC-83D9-BEEA18C1842B}"
EndProject
Project("{8BC9CEB8-8B4A-11D0-8D11-00A0C91BC942}") = "036_string", "036_string\036_string.vcxproj", "{BE1DE322-E598-4E33-94D1-479811844B24}"
EndProject
Project("{8BC9CEB8-8B4A-11D0-8D11-00A0C91BC942}") = "037_strlen", "037_strlen\037_strlen.vcxproj", "{B8DA82F9-FC94-4D79-B13A-333D5B53AD67}"
EndProject
Project("{8BC9CEB8-8B4A-11D0-8D11-00A0C91BC942}") = "038_pointer", "038_pointer\038_pointer.vcxproj", "{4E09B55F-6825-4E84-813C-79E607B6A52D}"
EndProject
Project("{8BC9CEB8-8B4A-11D0-8D11-00A0C91BC942}") = "039_pointer2", "039_pointer2\039_pointer2.vcxproj", "{ED176D8E-F733-476F-8F09-FD80C40540F3}"
EndProject
Project("{8BC9CEB8-8B4A-11D0-8D11-00A0C91BC942}") = "040_doublePointer", "040_doublePointer\040_doublePointer.vcxproj", "{4CF00808-FD52-4F46-BAC1-E16D7837839A}"
EndProject
Project("{8BC9CEB8-8B4A-11D0-8D11-00A0C91BC942}") = "041_pointnerPlusInt", "041_pointnerPlusInt\041_pointnerPlusInt.vcxproj", "{1A183521-72B4-4432-8475-9F06690438A7}"
EndProject
Project("{8BC9CEB8-8B4A-11D0-8D11-00A0C91BC942}") = "042_pointerAndArray", "042_pointerAndArray\042_pointerAndArray.vcxproj", "{424DB4CD-1C03-4F83-A1DC-6BF6B471CBAB}"
EndProject
Project("{8BC9CEB8-8B4A-11D0-8D11-00A0C91BC942}") = "043_arrayPointer", "043_arrayPointer\043_arrayPointer.vcxproj", "{9CE549B4-3E6B-491B-873E-79D4C9B466C3}"
EndProject
Project("{8BC9CEB8-8B4A-11D0-8D11-00A0C91BC942}") = "044_2DArray", "044_2DArray\044_2DArray.vcxproj", "{F8B0FBCA-3943-4476-A2DD-91AADEC3B7C7}"
EndProject
Project("{8BC9CEB8-8B4A-11D0-8D11-00A0C91BC942}") = "045_function", "045_function\045_function.vcxproj", "{799D295D-72D3-4DBB-A54F-D47B5BEF115B}"
EndProject
Project("{8BC9CEB8-8B4A-11D0-8D11-00A0C91BC942}") = "046_scope", "046_scope\046_scope.vcxproj", "{5CA08250-BB57-4634-AB67-08FEDEA7D439}"
EndProject
Project("{8BC9CEB8-8B4A-11D0-8D11-00A0C91BC942}") = "047_factorial", "047_factorial\047_factorial.vcxproj", "{30C56D1B-4DB4-492E-8EFC-DA9C1E9B341D}"
EndProject
Project("{8BC9CEB8-8B4A-11D0-8D11-00A0C91BC942}") = "048_printArray", "048_printArray\048_printArray.vcxproj", "{59EE49A3-F812-4044-AD8D-1C67731D0B0D}"
EndProject
Project("{8BC9CEB8-8B4A-11D0-8D11-00A0C91BC942}") = "049_fibonacci", "049_fibonacci\049_fibonacci.vcxproj", "{0CC8B8AE-07F9-4BF6-B3AF-C76E8D422BC8}"
EndProject
Project("{8BC9CEB8-8B4A-11D0-8D11-00A0C91BC942}") = "050_struct", "050_struct\050_struct.vcxproj", "{42A27C55-2EF3-4587-B961-9F2214E8ED4F}"
EndProject
Project("{8BC9CEB8-8B4A-11D0-8D11-00A0C91BC942}") = "051_productInfo", "051_productInfo\051_productInfo.vcxproj", "{0D0704BB-D67C-4FFA-BA2E-7F17006766BA}"
EndProject
Global
	GlobalSection(SolutionConfigurationPlatforms) = preSolution
		Debug|x64 = Debug|x64
		Debug|x86 = Debug|x86
		Release|x64 = Release|x64
		Release|x86 = Release|x86
	EndGlobalSection
	GlobalSection(ProjectConfigurationPlatforms) = postSolution
		{23A330D8-CCEB-4ACA-B950-1571F5A47E41}.Debug|x64.ActiveCfg = Debug|x64
		{23A330D8-CCEB-4ACA-B950-1571F5A47E41}.Debug|x64.Build.0 = Debug|x64
		{23A330D8-CCEB-4ACA-B950-1571F5A47E41}.Debug|x86.ActiveCfg = Debug|Win32
		{23A330D8-CCEB-4ACA-B950-1571F5A47E41}.Debug|x86.Build.0 = Debug|Win32
		{23A330D8-CCEB-4ACA-B950-1571F5A47E41}.Release|x64.ActiveCfg = Release|x64
		{23A330D8-CCEB-4ACA-B950-1571F5A47E41}.Release|x64.Build.0 = Release|x64
		{23A330D8-CCEB-4ACA-B950-1571F5A47E41}.Release|x86.ActiveCfg = Release|Win32
		{23A330D8-CCEB-4ACA-B950-1571F5A47E41}.Release|x86.Build.0 = Release|Win32
		{0CA3B1B5-3007-46C0-8220-E40539FB6B1C}.Debug|x64.ActiveCfg = Debug|x64
		{0CA3B1B5-3007-46C0-8220-E40539FB6B1C}.Debug|x64.Build.0 = Debug|x64
		{0CA3B1B5-3007-46C0-8220-E40539FB6B1C}.Debug|x86.ActiveCfg = Debug|Win32
		{0CA3B1B5-3007-46C0-8220-E40539FB6B1C}.Debug|x86.Build.0 = Debug|Win32
		{0CA3B1B5-3007-46C0-8220-E40539FB6B1C}.Release|x64.ActiveCfg = Release|x64
		{0CA3B1B5-3007-46C0-8220-E40539FB6B1C}.Release|x64.Build.0 = Release|x64
		{0CA3B1B5-3007-46C0-8220-E40539FB6B1C}.Release|x86.ActiveCfg = Release|Win32
		{0CA3B1B5-3007-46C0-8220-E40539FB6B1C}.Release|x86.Build.0 = Release|Win32
		{3B58D48F-890F-402F-B964-47FB4F2E00AC}.Debug|x64.ActiveCfg = Debug|x64
		{3B58D48F-890F-402F-B964-47FB4F2E00AC}.Debug|x64.Build.0 = Debug|x64
		{3B58D48F-890F-402F-B964-47FB4F2E00AC}.Debug|x86.ActiveCfg = Debug|Win32
		{3B58D48F-890F-402F-B964-47FB4F2E00AC}.Debug|x86.Build.0 = Debug|Win32
		{3B58D48F-890F-402F-B964-47FB4F2E00AC}.Release|x64.ActiveCfg = Release|x64
		{3B58D48F-890F-402F-B964-47FB4F2E00AC}.Release|x64.Build.0 = Release|x64
		{3B58D48F-890F-402F-B964-47FB4F2E00AC}.Release|x86.ActiveCfg = Release|Win32
		{3B58D48F-890F-402F-B964-47FB4F2E00AC}.Release|x86.Build.0 = Release|Win32
		{545BB7CF-4063-4668-90C6-59EE386FF661}.Debug|x64.ActiveCfg = Debug|x64
		{545BB7CF-4063-4668-90C6-59EE386FF661}.Debug|x64.Build.0 = Debug|x64
		{545BB7CF-4063-4668-90C6-59EE386FF661}.Debug|x86.ActiveCfg = Debug|Win32
		{545BB7CF-4063-4668-90C6-59EE386FF661}.Debug|x86.Build.0 = Debug|Win32
		{545BB7CF-4063-4668-90C6-59EE386FF661}.Release|x64.ActiveCfg = Release|x64
		{545BB7CF-4063-4668-90C6-59EE386FF661}.Release|x64.Build.0 = Release|x64
		{545BB7CF-4063-4668-90C6-59EE386FF661}.Release|x86.ActiveCfg = Release|Win32
		{545BB7CF-4063-4668-90C6-59EE386FF661}.Release|x86.Build.0 = Release|Win32
		{40742112-ADD1-4771-AF49-EB01C44A6206}.Debug|x64.ActiveCfg = Debug|x64
		{40742112-ADD1-4771-AF49-EB01C44A6206}.Debug|x64.Build.0 = Debug|x64
		{40742112-ADD1-4771-AF49-EB01C44A6206}.Debug|x86.ActiveCfg = Debug|Win32
		{40742112-ADD1-4771-AF49-EB01C44A6206}.Debug|x86.Build.0 = Debug|Win32
		{40742112-ADD1-4771-AF49-EB01C44A6206}.Release|x64.ActiveCfg = Release|x64
		{40742112-ADD1-4771-AF49-EB01C44A6206}.Release|x64.Build.0 = Release|x64
		{40742112-ADD1-4771-AF49-EB01C44A6206}.Release|x86.ActiveCfg = Release|Win32
		{40742112-ADD1-4771-AF49-EB01C44A6206}.Release|x86.Build.0 = Release|Win32
		{3B52CD4B-BFEE-4C97-BF2F-E53C7A7EA0D9}.Debug|x64.ActiveCfg = Debug|x64
		{3B52CD4B-BFEE-4C97-BF2F-E53C7A7EA0D9}.Debug|x64.Build.0 = Debug|x64
		{3B52CD4B-BFEE-4C97-BF2F-E53C7A7EA0D9}.Debug|x86.ActiveCfg = Debug|Win32
		{3B52CD4B-BFEE-4C97-BF2F-E53C7A7EA0D9}.Debug|x86.Build.0 = Debug|Win32
		{3B52CD4B-BFEE-4C97-BF2F-E53C7A7EA0D9}.Release|x64.ActiveCfg = Release|x64
		{3B52CD4B-BFEE-4C97-BF2F-E53C7A7EA0D9}.Release|x64.Build.0 = Release|x64
		{3B52CD4B-BFEE-4C97-BF2F-E53C7A7EA0D9}.Release|x86.ActiveCfg = Release|Win32
		{3B52CD4B-BFEE-4C97-BF2F-E53C7A7EA0D9}.Release|x86.Build.0 = Release|Win32
		{2047B5A4-714E-4D94-9EE5-8969458E28A4}.Debug|x64.ActiveCfg = Debug|x64
		{2047B5A4-714E-4D94-9EE5-8969458E28A4}.Debug|x64.Build.0 = Debug|x64
		{2047B5A4-714E-4D94-9EE5-8969458E28A4}.Debug|x86.ActiveCfg = Debug|Win32
		{2047B5A4-714E-4D94-9EE5-8969458E28A4}.Debug|x86.Build.0 = Debug|Win32
		{2047B5A4-714E-4D94-9EE5-8969458E28A4}.Release|x64.ActiveCfg = Release|x64
		{2047B5A4-714E-4D94-9EE5-8969458E28A4}.Release|x64.Build.0 = Release|x64
		{2047B5A4-714E-4D94-9EE5-8969458E28A4}.Release|x86.ActiveCfg = Release|Win32
		{2047B5A4-714E-4D94-9EE5-8969458E28A4}.Release|x86.Build.0 = Release|Win32
		{50EE1219-90FF-409D-A29E-526C643A464E}.Debug|x64.ActiveCfg = Debug|x64
		{50EE1219-90FF-409D-A29E-526C643A464E}.Debug|x64.Build.0 = Debug|x64
		{50EE1219-90FF-409D-A29E-526C643A464E}.Debug|x86.ActiveCfg = Debug|Win32
		{50EE1219-90FF-409D-A29E-526C643A464E}.Debug|x86.Build.0 = Debug|Win32
		{50EE1219-90FF-409D-A29E-526C643A464E}.Release|x64.ActiveCfg = Release|x64
		{50EE1219-90FF-409D-A29E-526C643A464E}.Release|x64.Build.0 = Release|x64
		{50EE1219-90FF-409D-A29E-526C643A464E}.Release|x86.ActiveCfg = Release|Win32
		{50EE1219-90FF-409D-A29E-526C643A464E}.Release|x86.Build.0 = Release|Win32
		{643D7560-9D2B-4017-84CC-8C0153E7E735}.Debug|x64.ActiveCfg = Debug|x64
		{643D7560-9D2B-4017-84CC-8C0153E7E735}.Debug|x64.Build.0 = Debug|x64
		{643D7560-9D2B-4017-84CC-8C0153E7E735}.Debug|x86.ActiveCfg = Debug|Win32
		{643D7560-9D2B-4017-84CC-8C0153E7E735}.Debug|x86.Build.0 = Debug|Win32
		{643D7560-9D2B-4017-84CC-8C0153E7E735}.Release|x64.ActiveCfg = Release|x64
		{643D7560-9D2B-4017-84CC-8C0153E7E735}.Release|x64.Build.0 = Release|x64
		{643D7560-9D2B-4017-84CC-8C0153E7E735}.Release|x86.ActiveCfg = Release|Win32
		{643D7560-9D2B-4017-84CC-8C0153E7E735}.Release|x86.Build.0 = Release|Win32
		{44E18725-CE38-4587-8191-6FB45451C7D9}.Debug|x64.ActiveCfg = Debug|x64
		{44E18725-CE38-4587-8191-6FB45451C7D9}.Debug|x64.Build.0 = Debug|x64
		{44E18725-CE38-4587-8191-6FB45451C7D9}.Debug|x86.ActiveCfg = Debug|Win32
		{44E18725-CE38-4587-8191-6FB45451C7D9}.Debug|x86.Build.0 = Debug|Win32
		{44E18725-CE38-4587-8191-6FB45451C7D9}.Release|x64.ActiveCfg = Release|x64
		{44E18725-CE38-4587-8191-6FB45451C7D9}.Release|x64.Build.0 = Release|x64
		{44E18725-CE38-4587-8191-6FB45451C7D9}.Release|x86.ActiveCfg = Release|Win32
		{44E18725-CE38-4587-8191-6FB45451C7D9}.Release|x86.Build.0 = Release|Win32
		{1D46804D-08D8-45F6-9E54-9C3F70740E9D}.Debug|x64.ActiveCfg = Debug|x64
		{1D46804D-08D8-45F6-9E54-9C3F70740E9D}.Debug|x64.Build.0 = Debug|x64
		{1D46804D-08D8-45F6-9E54-9C3F70740E9D}.Debug|x86.ActiveCfg = Debug|Win32
		{1D46804D-08D8-45F6-9E54-9C3F70740E9D}.Debug|x86.Build.0 = Debug|Win32
		{1D46804D-08D8-45F6-9E54-9C3F70740E9D}.Release|x64.ActiveCfg = Release|x64
		{1D46804D-08D8-45F6-9E54-9C3F70740E9D}.Release|x64.Build.0 = Release|x64
		{1D46804D-08D8-45F6-9E54-9C3F70740E9D}.Release|x86.ActiveCfg = Release|Win32
		{1D46804D-08D8-45F6-9E54-9C3F70740E9D}.Release|x86.Build.0 = Release|Win32
		{7A28FB55-5687-487D-A7BE-781B6EE6FA1A}.Debug|x64.ActiveCfg = Debug|x64
		{7A28FB55-5687-487D-A7BE-781B6EE6FA1A}.Debug|x64.Build.0 = Debug|x64
		{7A28FB55-5687-487D-A7BE-781B6EE6FA1A}.Debug|x86.ActiveCfg = Debug|Win32
		{7A28FB55-5687-487D-A7BE-781B6EE6FA1A}.Debug|x86.Build.0 = Debug|Win32
		{7A28FB55-5687-487D-A7BE-781B6EE6FA1A}.Release|x64.ActiveCfg = Release|x64
		{7A28FB55-5687-487D-A7BE-781B6EE6FA1A}.Release|x64.Build.0 = Release|x64
		{7A28FB55-5687-487D-A7BE-781B6EE6FA1A}.Release|x86.ActiveCfg = Release|Win32
		{7A28FB55-5687-487D-A7BE-781B6EE6FA1A}.Release|x86.Build.0 = Release|Win32
		{647DB2C0-C57F-444D-9D0B-D69E725DE9A0}.Debug|x64.ActiveCfg = Debug|x64
		{647DB2C0-C57F-444D-9D0B-D69E725DE9A0}.Debug|x64.Build.0 = Debug|x64
		{647DB2C0-C57F-444D-9D0B-D69E725DE9A0}.Debug|x86.ActiveCfg = Debug|Win32
		{647DB2C0-C57F-444D-9D0B-D69E725DE9A0}.Debug|x86.Build.0 = Debug|Win32
		{647DB2C0-C57F-444D-9D0B-D69E725DE9A0}.Release|x64.ActiveCfg = Release|x64
		{647DB2C0-C57F-444D-9D0B-D69E725DE9A0}.Release|x64.Build.0 = Release|x64
		{647DB2C0-C57F-444D-9D0B-D69E725DE9A0}.Release|x86.ActiveCfg = Release|Win32
		{647DB2C0-C57F-444D-9D0B-D69E725DE9A0}.Release|x86.Build.0 = Release|Win32
		{367A1412-E0CA-4BD4-AC68-29CC077798DC}.Debug|x64.ActiveCfg = Debug|x64
		{367A1412-E0CA-4BD4-AC68-29CC077798DC}.Debug|x64.Build.0 = Debug|x64
		{367A1412-E0CA-4BD4-AC68-29CC077798DC}.Debug|x86.ActiveCfg = Debug|Win32
		{367A1412-E0CA-4BD4-AC68-29CC077798DC}.Debug|x86.Build.0 = Debug|Win32
		{367A1412-E0CA-4BD4-AC68-29CC077798DC}.Release|x64.ActiveCfg = Release|x64
		{367A1412-E0CA-4BD4-AC68-29CC077798DC}.Release|x64.Build.0 = Release|x64
		{367A1412-E0CA-4BD4-AC68-29CC077798DC}.Release|x86.ActiveCfg = Release|Win32
		{367A1412-E0CA-4BD4-AC68-29CC077798DC}.Release|x86.Build.0 = Release|Win32
		{6CD2C4DF-E763-49AB-8880-8DF42C5F16A2}.Debug|x64.ActiveCfg = Debug|x64
		{6CD2C4DF-E763-49AB-8880-8DF42C5F16A2}.Debug|x64.Build.0 = Debug|x64
		{6CD2C4DF-E763-49AB-8880-8DF42C5F16A2}.Debug|x86.ActiveCfg = Debug|Win32
		{6CD2C4DF-E763-49AB-8880-8DF42C5F16A2}.Debug|x86.Build.0 = Debug|Win32
		{6CD2C4DF-E763-49AB-8880-8DF42C5F16A2}.Release|x64.ActiveCfg = Release|x64
		{6CD2C4DF-E763-49AB-8880-8DF42C5F16A2}.Release|x64.Build.0 = Release|x64
		{6CD2C4DF-E763-49AB-8880-8DF42C5F16A2}.Release|x86.ActiveCfg = Release|Win32
		{6CD2C4DF-E763-49AB-8880-8DF42C5F16A2}.Release|x86.Build.0 = Release|Win32
		{3D474A80-0C55-4D9D-AAAF-9D93D817EC83}.Debug|x64.ActiveCfg = Debug|x64
		{3D474A80-0C55-4D9D-AAAF-9D93D817EC83}.Debug|x64.Build.0 = Debug|x64
		{3D474A80-0C55-4D9D-AAAF-9D93D817EC83}.Debug|x86.ActiveCfg = Debug|Win32
		{3D474A80-0C55-4D9D-AAAF-9D93D817EC83}.Debug|x86.Build.0 = Debug|Win32
		{3D474A80-0C55-4D9D-AAAF-9D93D817EC83}.Release|x64.ActiveCfg = Release|x64
		{3D474A80-0C55-4D9D-AAAF-9D93D817EC83}.Release|x64.Build.0 = Release|x64
		{3D474A80-0C55-4D9D-AAAF-9D93D817EC83}.Release|x86.ActiveCfg = Release|Win32
		{3D474A80-0C55-4D9D-AAAF-9D93D817EC83}.Release|x86.Build.0 = Release|Win32
		{A927ACC1-83DB-4D49-898A-007AB979EC5E}.Debug|x64.ActiveCfg = Debug|x64
		{A927ACC1-83DB-4D49-898A-007AB979EC5E}.Debug|x64.Build.0 = Debug|x64
		{A927ACC1-83DB-4D49-898A-007AB979EC5E}.Debug|x86.ActiveCfg = Debug|Win32
		{A927ACC1-83DB-4D49-898A-007AB979EC5E}.Debug|x86.Build.0 = Debug|Win32
		{A927ACC1-83DB-4D49-898A-007AB979EC5E}.Release|x64.ActiveCfg = Release|x64
		{A927ACC1-83DB-4D49-898A-007AB979EC5E}.Release|x64.Build.0 = Release|x64
		{A927ACC1-83DB-4D49-898A-007AB979EC5E}.Release|x86.ActiveCfg = Release|Win32
		{A927ACC1-83DB-4D49-898A-007AB979EC5E}.Release|x86.Build.0 = Release|Win32
		{54FCBD43-5404-4EBE-98BF-C60C30F76663}.Debug|x64.ActiveCfg = Debug|x64
		{54FCBD43-5404-4EBE-98BF-C60C30F76663}.Debug|x64.Build.0 = Debug|x64
		{54FCBD43-5404-4EBE-98BF-C60C30F76663}.Debug|x86.ActiveCfg = Debug|Win32
		{54FCBD43-5404-4EBE-98BF-C60C30F76663}.Debug|x86.Build.0 = Debug|Win32
		{54FCBD43-5404-4EBE-98BF-C60C30F76663}.Release|x64.ActiveCfg = Release|x64
		{54FCBD43-5404-4EBE-98BF-C60C30F76663}.Release|x64.Build.0 = Release|x64
		{54FCBD43-5404-4EBE-98BF-C60C30F76663}.Release|x86.ActiveCfg = Release|Win32
		{54FCBD43-5404-4EBE-98BF-C60C30F76663}.Release|x86.Build.0 = Release|Win32
		{9333F519-9726-4EC1-B3B4-8B7C9F0FDAC8}.Debug|x64.ActiveCfg = Debug|x64
		{9333F519-9726-4EC1-B3B4-8B7C9F0FDAC8}.Debug|x64.Build.0 = Debug|x64
		{9333F519-9726-4EC1-B3B4-8B7C9F0FDAC8}.Debug|x86.ActiveCfg = Debug|Win32
		{9333F519-9726-4EC1-B3B4-8B7C9F0FDAC8}.Debug|x86.Build.0 = Debug|Win32
		{9333F519-9726-4EC1-B3B4-8B7C9F0FDAC8}.Release|x64.ActiveCfg = Release|x64
		{9333F519-9726-4EC1-B3B4-8B7C9F0FDAC8}.Release|x64.Build.0 = Release|x64
		{9333F519-9726-4EC1-B3B4-8B7C9F0FDAC8}.Release|x86.ActiveCfg = Release|Win32
		{9333F519-9726-4EC1-B3B4-8B7C9F0FDAC8}.Release|x86.Build.0 = Release|Win32
		{4638BEDE-7244-408F-8742-F4AC3440FDFB}.Debug|x64.ActiveCfg = Debug|x64
		{4638BEDE-7244-408F-8742-F4AC3440FDFB}.Debug|x64.Build.0 = Debug|x64
		{4638BEDE-7244-408F-8742-F4AC3440FDFB}.Debug|x86.ActiveCfg = Debug|Win32
		{4638BEDE-7244-408F-8742-F4AC3440FDFB}.Debug|x86.Build.0 = Debug|Win32
		{4638BEDE-7244-408F-8742-F4AC3440FDFB}.Release|x64.ActiveCfg = Release|x64
		{4638BEDE-7244-408F-8742-F4AC3440FDFB}.Release|x64.Build.0 = Release|x64
		{4638BEDE-7244-408F-8742-F4AC3440FDFB}.Release|x86.ActiveCfg = Release|Win32
		{4638BEDE-7244-408F-8742-F4AC3440FDFB}.Release|x86.Build.0 = Release|Win32
		{2883FCA5-33AD-4F83-BD2B-9CEA21AA9E4F}.Debug|x64.ActiveCfg = Debug|x64
		{2883FCA5-33AD-4F83-BD2B-9CEA21AA9E4F}.Debug|x64.Build.0 = Debug|x64
		{2883FCA5-33AD-4F83-BD2B-9CEA21AA9E4F}.Debug|x86.ActiveCfg = Debug|Win32
		{2883FCA5-33AD-4F83-BD2B-9CEA21AA9E4F}.Debug|x86.Build.0 = Debug|Win32
		{2883FCA5-33AD-4F83-BD2B-9CEA21AA9E4F}.Release|x64.ActiveCfg = Release|x64
		{2883FCA5-33AD-4F83-BD2B-9CEA21AA9E4F}.Release|x64.Build.0 = Release|x64
		{2883FCA5-33AD-4F83-BD2B-9CEA21AA9E4F}.Release|x86.ActiveCfg = Release|Win32
		{2883FCA5-33AD-4F83-BD2B-9CEA21AA9E4F}.Release|x86.Build.0 = Release|Win32
		{7CBAF760-84AA-4513-AF3C-E8C694FAF0CC}.Debug|x64.ActiveCfg = Debug|x64
		{7CBAF760-84AA-4513-AF3C-E8C694FAF0CC}.Debug|x64.Build.0 = Debug|x64
		{7CBAF760-84AA-4513-AF3C-E8C694FAF0CC}.Debug|x86.ActiveCfg = Debug|Win32
		{7CBAF760-84AA-4513-AF3C-E8C694FAF0CC}.Debug|x86.Build.0 = Debug|Win32
		{7CBAF760-84AA-4513-AF3C-E8C694FAF0CC}.Release|x64.ActiveCfg = Release|x64
		{7CBAF760-84AA-4513-AF3C-E8C694FAF0CC}.Release|x64.Build.0 = Release|x64
		{7CBAF760-84AA-4513-AF3C-E8C694FAF0CC}.Release|x86.ActiveCfg = Release|Win32
		{7CBAF760-84AA-4513-AF3C-E8C694FAF0CC}.Release|x86.Build.0 = Release|Win32
		{0AADC812-E512-42E3-A074-84BCD6AE60EB}.Debug|x64.ActiveCfg = Debug|x64
		{0AADC812-E512-42E3-A074-84BCD6AE60EB}.Debug|x64.Build.0 = Debug|x64
		{0AADC812-E512-42E3-A074-84BCD6AE60EB}.Debug|x86.ActiveCfg = Debug|Win32
		{0AADC812-E512-42E3-A074-84BCD6AE60EB}.Debug|x86.Build.0 = Debug|Win32
		{0AADC812-E512-42E3-A074-84BCD6AE60EB}.Release|x64.ActiveCfg = Release|x64
		{0AADC812-E512-42E3-A074-84BCD6AE60EB}.Release|x64.Build.0 = Release|x64
		{0AADC812-E512-42E3-A074-84BCD6AE60EB}.Release|x86.ActiveCfg = Release|Win32
		{0AADC812-E512-42E3-A074-84BCD6AE60EB}.Release|x86.Build.0 = Release|Win32
		{08156DE4-309E-4634-8341-20C44AA9B483}.Debug|x64.ActiveCfg = Debug|x64
		{08156DE4-309E-4634-8341-20C44AA9B483}.Debug|x64.Build.0 = Debug|x64
		{08156DE4-309E-4634-8341-20C44AA9B483}.Debug|x86.ActiveCfg = Debug|Win32
		{08156DE4-309E-4634-8341-20C44AA9B483}.Debug|x86.Build.0 = Debug|Win32
		{08156DE4-309E-4634-8341-20C44AA9B483}.Release|x64.ActiveCfg = Release|x64
		{08156DE4-309E-4634-8341-20C44AA9B483}.Release|x64.Build.0 = Release|x64
		{08156DE4-309E-4634-8341-20C44AA9B483}.Release|x86.ActiveCfg = Release|Win32
		{08156DE4-309E-4634-8341-20C44AA9B483}.Release|x86.Build.0 = Release|Win32
		{7DB6AB3E-A7A5-4510-A870-11AE2308796F}.Debug|x64.ActiveCfg = Debug|x64
		{7DB6AB3E-A7A5-4510-A870-11AE2308796F}.Debug|x64.Build.0 = Debug|x64
		{7DB6AB3E-A7A5-4510-A870-11AE2308796F}.Debug|x86.ActiveCfg = Debug|Win32
		{7DB6AB3E-A7A5-4510-A870-11AE2308796F}.Debug|x86.Build.0 = Debug|Win32
		{7DB6AB3E-A7A5-4510-A870-11AE2308796F}.Release|x64.ActiveCfg = Release|x64
		{7DB6AB3E-A7A5-4510-A870-11AE2308796F}.Release|x64.Build.0 = Release|x64
		{7DB6AB3E-A7A5-4510-A870-11AE2308796F}.Release|x86.ActiveCfg = Release|Win32
		{7DB6AB3E-A7A5-4510-A870-11AE2308796F}.Release|x86.Build.0 = Release|Win32
		{2BBA7581-7728-4352-8028-65EDE6ECD87A}.Debug|x64.ActiveCfg = Debug|x64
		{2BBA7581-7728-4352-8028-65EDE6ECD87A}.Debug|x64.Build.0 = Debug|x64
		{2BBA7581-7728-4352-8028-65EDE6ECD87A}.Debug|x86.ActiveCfg = Debug|Win32
		{2BBA7581-7728-4352-8028-65EDE6ECD87A}.Debug|x86.Build.0 = Debug|Win32
		{2BBA7581-7728-4352-8028-65EDE6ECD87A}.Release|x64.ActiveCfg = Release|x64
		{2BBA7581-7728-4352-8028-65EDE6ECD87A}.Release|x64.Build.0 = Release|x64
		{2BBA7581-7728-4352-8028-65EDE6ECD87A}.Release|x86.ActiveCfg = Release|Win32
		{2BBA7581-7728-4352-8028-65EDE6ECD87A}.Release|x86.Build.0 = Release|Win32
		{496B9E02-7331-4BCC-83D9-BEEA18C1842B}.Debug|x64.ActiveCfg = Debug|x64
		{496B9E02-7331-4BCC-83D9-BEEA18C1842B}.Debug|x64.Build.0 = Debug|x64
		{496B9E02-7331-4BCC-83D9-BEEA18C1842B}.Debug|x86.ActiveCfg = Debug|Win32
		{496B9E02-7331-4BCC-83D9-BEEA18C1842B}.Debug|x86.Build.0 = Debug|Win32
		{496B9E02-7331-4BCC-83D9-BEEA18C1842B}.Release|x64.ActiveCfg = Release|x64
		{496B9E02-7331-4BCC-83D9-BEEA18C1842B}.Release|x64.Build.0 = Release|x64
		{496B9E02-7331-4BCC-83D9-BEEA18C1842B}.Release|x86.ActiveCfg = Release|Win32
		{496B9E02-7331-4BCC-83D9-BEEA18C1842B}.Release|x86.Build.0 = Release|Win32
		{BE1DE322-E598-4E33-94D1-479811844B24}.Debug|x64.ActiveCfg = Debug|x64
		{BE1DE322-E598-4E33-94D1-479811844B24}.Debug|x64.Build.0 = Debug|x64
		{BE1DE322-E598-4E33-94D1-479811844B24}.Debug|x86.ActiveCfg = Debug|Win32
		{BE1DE322-E598-4E33-94D1-479811844B24}.Debug|x86.Build.0 = Debug|Win32
		{BE1DE322-E598-4E33-94D1-479811844B24}.Release|x64.ActiveCfg = Release|x64
		{BE1DE322-E598-4E33-94D1-479811844B24}.Release|x64.Build.0 = Release|x64
		{BE1DE322-E598-4E33-94D1-479811844B24}.Release|x86.ActiveCfg = Release|Win32
		{BE1DE322-E598-4E33-94D1-479811844B24}.Release|x86.Build.0 = Release|Win32
		{B8DA82F9-FC94-4D79-B13A-333D5B53AD67}.Debug|x64.ActiveCfg = Debug|x64
		{B8DA82F9-FC94-4D79-B13A-333D5B53AD67}.Debug|x64.Build.0 = Debug|x64
		{B8DA82F9-FC94-4D79-B13A-333D5B53AD67}.Debug|x86.ActiveCfg = Debug|Win32
		{B8DA82F9-FC94-4D79-B13A-333D5B53AD67}.Debug|x86.Build.0 = Debug|Win32
		{B8DA82F9-FC94-4D79-B13A-333D5B53AD67}.Release|x64.ActiveCfg = Release|x64
		{B8DA82F9-FC94-4D79-B13A-333D5B53AD67}.Release|x64.Build.0 = Release|x64
		{B8DA82F9-FC94-4D79-B13A-333D5B53AD67}.Release|x86.ActiveCfg = Release|Win32
		{B8DA82F9-FC94-4D79-B13A-333D5B53AD67}.Release|x86.Build.0 = Release|Win32
		{4E09B55F-6825-4E84-813C-79E607B6A52D}.Debug|x64.ActiveCfg = Debug|x64
		{4E09B55F-6825-4E84-813C-79E607B6A52D}.Debug|x64.Build.0 = Debug|x64
		{4E09B55F-6825-4E84-813C-79E607B6A52D}.Debug|x86.ActiveCfg = Debug|Win32
		{4E09B55F-6825-4E84-813C-79E607B6A52D}.Debug|x86.Build.0 = Debug|Win32
		{4E09B55F-6825-4E84-813C-79E607B6A52D}.Release|x64.ActiveCfg = Release|x64
		{4E09B55F-6825-4E84-813C-79E607B6A52D}.Release|x64.Build.0 = Release|x64
		{4E09B55F-6825-4E84-813C-79E607B6A52D}.Release|x86.ActiveCfg = Release|Win32
		{4E09B55F-6825-4E84-813C-79E607B6A52D}.Release|x86.Build.0 = Release|Win32
		{ED176D8E-F733-476F-8F09-FD80C40540F3}.Debug|x64.ActiveCfg = Debug|x64
		{ED176D8E-F733-476F-8F09-FD80C40540F3}.Debug|x64.Build.0 = Debug|x64
		{ED176D8E-F733-476F-8F09-FD80C40540F3}.Debug|x86.ActiveCfg = Debug|Win32
		{ED176D8E-F733-476F-8F09-FD80C40540F3}.Debug|x86.Build.0 = Debug|Win32
		{ED176D8E-F733-476F-8F09-FD80C40540F3}.Release|x64.ActiveCfg = Release|x64
		{ED176D8E-F733-476F-8F09-FD80C40540F3}.Release|x64.Build.0 = Release|x64
		{ED176D8E-F733-476F-8F09-FD80C40540F3}.Release|x86.ActiveCfg = Release|Win32
		{ED176D8E-F733-476F-8F09-FD80C40540F3}.Release|x86.Build.0 = Release|Win32
		{4CF00808-FD52-4F46-BAC1-E16D7837839A}.Debug|x64.ActiveCfg = Debug|x64
		{4CF00808-FD52-4F46-BAC1-E16D7837839A}.Debug|x64.Build.0 = Debug|x64
		{4CF00808-FD52-4F46-BAC1-E16D7837839A}.Debug|x86.ActiveCfg = Debug|Win32
		{4CF00808-FD52-4F46-BAC1-E16D7837839A}.Debug|x86.Build.0 = Debug|Win32
		{4CF00808-FD52-4F46-BAC1-E16D7837839A}.Release|x64.ActiveCfg = Release|x64
		{4CF00808-FD52-4F46-BAC1-E16D7837839A}.Release|x64.Build.0 = Release|x64
		{4CF00808-FD52-4F46-BAC1-E16D7837839A}.Release|x86.ActiveCfg = Release|Win32
		{4CF00808-FD52-4F46-BAC1-E16D7837839A}.Release|x86.Build.0 = Release|Win32
		{1A183521-72B4-4432-8475-9F06690438A7}.Debug|x64.ActiveCfg = Debug|x64
		{1A183521-72B4-4432-8475-9F06690438A7}.Debug|x64.Build.0 = Debug|x64
		{1A183521-72B4-4432-8475-9F06690438A7}.Debug|x86.ActiveCfg = Debug|Win32
		{1A183521-72B4-4432-8475-9F06690438A7}.Debug|x86.Build.0 = Debug|Win32
		{1A183521-72B4-4432-8475-9F06690438A7}.Release|x64.ActiveCfg = Release|x64
		{1A183521-72B4-4432-8475-9F06690438A7}.Release|x64.Build.0 = Release|x64
		{1A183521-72B4-4432-8475-9F06690438A7}.Release|x86.ActiveCfg = Release|Win32
		{1A183521-72B4-4432-8475-9F06690438A7}.Release|x86.Build.0 = Release|Win32
		{424DB4CD-1C03-4F83-A1DC-6BF6B471CBAB}.Debug|x64.ActiveCfg = Debug|x64
		{424DB4CD-1C03-4F83-A1DC-6BF6B471CBAB}.Debug|x64.Build.0 = Debug|x64
		{424DB4CD-1C03-4F83-A1DC-6BF6B471CBAB}.Debug|x86.ActiveCfg = Debug|Win32
		{424DB4CD-1C03-4F83-A1DC-6BF6B471CBAB}.Debug|x86.Build.0 = Debug|Win32
		{424DB4CD-1C03-4F83-A1DC-6BF6B471CBAB}.Release|x64.ActiveCfg = Release|x64
		{424DB4CD-1C03-4F83-A1DC-6BF6B471CBAB}.Release|x64.Build.0 = Release|x64
		{424DB4CD-1C03-4F83-A1DC-6BF6B471CBAB}.Release|x86.ActiveCfg = Release|Win32
		{424DB4CD-1C03-4F83-A1DC-6BF6B471CBAB}.Release|x86.Build.0 = Release|Win32
		{9CE549B4-3E6B-491B-873E-79D4C9B466C3}.Debug|x64.ActiveCfg = Debug|x64
		{9CE549B4-3E6B-491B-873E-79D4C9B466C3}.Debug|x64.Build.0 = Debug|x64
		{9CE549B4-3E6B-491B-873E-79D4C9B466C3}.Debug|x86.ActiveCfg = Debug|Win32
		{9CE549B4-3E6B-491B-873E-79D4C9B466C3}.Debug|x86.Build.0 = Debug|Win32
		{9CE549B4-3E6B-491B-873E-79D4C9B466C3}.Release|x64.ActiveCfg = Release|x64
		{9CE549B4-3E6B-491B-873E-79D4C9B466C3}.Release|x64.Build.0 = Release|x64
		{9CE549B4-3E6B-491B-873E-79D4C9B466C3}.Release|x86.ActiveCfg = Release|Win32
		{9CE549B4-3E6B-491B-873E-79D4C9B466C3}.Release|x86.Build.0 = Release|Win32
		{F8B0FBCA-3943-4476-A2DD-91AADEC3B7C7}.Debug|x64.ActiveCfg = Debug|x64
		{F8B0FBCA-3943-4476-A2DD-91AADEC3B7C7}.Debug|x64.Build.0 = Debug|x64
		{F8B0FBCA-3943-4476-A2DD-91AADEC3B7C7}.Debug|x86.ActiveCfg = Debug|Win32
		{F8B0FBCA-3943-4476-A2DD-91AADEC3B7C7}.Debug|x86.Build.0 = Debug|Win32
		{F8B0FBCA-3943-4476-A2DD-91AADEC3B7C7}.Release|x64.ActiveCfg = Release|x64
		{F8B0FBCA-3943-4476-A2DD-91AADEC3B7C7}.Release|x64.Build.0 = Release|x64
		{F8B0FBCA-3943-4476-A2DD-91AADEC3B7C7}.Release|x86.ActiveCfg = Release|Win32
		{F8B0FBCA-3943-4476-A2DD-91AADEC3B7C7}.Release|x86.Build.0 = Release|Win32
		{799D295D-72D3-4DBB-A54F-D47B5BEF115B}.Debug|x64.ActiveCfg = Debug|x64
		{799D295D-72D3-4DBB-A54F-D47B5BEF115B}.Debug|x64.Build.0 = Debug|x64
		{799D295D-72D3-4DBB-A54F-D47B5BEF115B}.Debug|x86.ActiveCfg = Debug|Win32
		{799D295D-72D3-4DBB-A54F-D47B5BEF115B}.Debug|x86.Build.0 = Debug|Win32
		{799D295D-72D3-4DBB-A54F-D47B5BEF115B}.Release|x64.ActiveCfg = Release|x64
		{799D295D-72D3-4DBB-A54F-D47B5BEF115B}.Release|x64.Build.0 = Release|x64
		{799D295D-72D3-4DBB-A54F-D47B5BEF115B}.Release|x86.ActiveCfg = Release|Win32
		{799D295D-72D3-4DBB-A54F-D47B5BEF115B}.Release|x86.Build.0 = Release|Win32
		{5CA08250-BB57-4634-AB67-08FEDEA7D439}.Debug|x64.ActiveCfg = Debug|x64
		{5CA08250-BB57-4634-AB67-08FEDEA7D439}.Debug|x64.Build.0 = Debug|x64
		{5CA08250-BB57-4634-AB67-08FEDEA7D439}.Debug|x86.ActiveCfg = Debug|Win32
		{5CA08250-BB57-4634-AB67-08FEDEA7D439}.Debug|x86.Build.0 = Debug|Win32
		{5CA08250-BB57-4634-AB67-08FEDEA7D439}.Release|x64.ActiveCfg = Release|x64
		{5CA08250-BB57-4634-AB67-08FEDEA7D439}.Release|x64.Build.0 = Release|x64
		{5CA08250-BB57-4634-AB67-08FEDEA7D439}.Release|x86.ActiveCfg = Release|Win32
		{5CA08250-BB57-4634-AB67-08FEDEA7D439}.Release|x86.Build.0 = Release|Win32
		{30C56D1B-4DB4-492E-8EFC-DA9C1E9B341D}.Debug|x64.ActiveCfg = Debug|x64
		{30C56D1B-4DB4-492E-8EFC-DA9C1E9B341D}.Debug|x64.Build.0 = Debug|x64
		{30C56D1B-4DB4-492E-8EFC-DA9C1E9B341D}.Debug|x86.ActiveCfg = Debug|Win32
		{30C56D1B-4DB4-492E-8EFC-DA9C1E9B341D}.Debug|x86.Build.0 = Debug|Win32
		{30C56D1B-4DB4-492E-8EFC-DA9C1E9B341D}.Release|x64.ActiveCfg = Release|x64
		{30C56D1B-4DB4-492E-8EFC-DA9C1E9B341D}.Release|x64.Build.0 = Release|x64
		{30C56D1B-4DB4-492E-8EFC-DA9C1E9B341D}.Release|x86.ActiveCfg = Release|Win32
		{30C56D1B-4DB4-492E-8EFC-DA9C1E9B341D}.Release|x86.Build.0 = Release|Win32
		{59EE49A3-F812-4044-AD8D-1C67731D0B0D}.Debug|x64.ActiveCfg = Debug|x64
		{59EE49A3-F812-4044-AD8D-1C67731D0B0D}.Debug|x64.Build.0 = Debug|x64
		{59EE49A3-F812-4044-AD8D-1C67731D0B0D}.Debug|x86.ActiveCfg = Debug|Win32
		{59EE49A3-F812-4044-AD8D-1C67731D0B0D}.Debug|x86.Build.0 = Debug|Win32
		{59EE49A3-F812-4044-AD8D-1C67731D0B0D}.Release|x64.ActiveCfg = Release|x64
		{59EE49A3-F812-4044-AD8D-1C67731D0B0D}.Release|x64.Build.0 = Release|x64
		{59EE49A3-F812-4044-AD8D-1C67731D0B0D}.Release|x86.ActiveCfg = Release|Win32
		{59EE49A3-F812-4044-AD8D-1C67731D0B0D}.Release|x86.Build.0 = Release|Win32
		{0CC8B8AE-07F9-4BF6-B3AF-C76E8D422BC8}.Debug|x64.ActiveCfg = Debug|x64
		{0CC8B8AE-07F9-4BF6-B3AF-C76E8D422BC8}.Debug|x64.Build.0 = Debug|x64
		{0CC8B8AE-07F9-4BF6-B3AF-C76E8D422BC8}.Debug|x86.ActiveCfg = Debug|Win32
		{0CC8B8AE-07F9-4BF6-B3AF-C76E8D422BC8}.Debug|x86.Build.0 = Debug|Win32
		{0CC8B8AE-07F9-4BF6-B3AF-C76E8D422BC8}.Release|x64.ActiveCfg = Release|x64
		{0CC8B8AE-07F9-4BF6-B3AF-C76E8D422BC8}.Release|x64.Build.0 = Release|x64
		{0CC8B8AE-07F9-4BF6-B3AF-C76E8D422BC8}.Release|x86.ActiveCfg = Release|Win32
		{0CC8B8AE-07F9-4BF6-B3AF-C76E8D422BC8}.Release|x86.Build.0 = Release|Win32
		{42A27C55-2EF3-4587-B961-9F2214E8ED4F}.Debug|x64.ActiveCfg = Debug|x64
		{42A27C55-2EF3-4587-B961-9F2214E8ED4F}.Debug|x64.Build.0 = Debug|x64
		{42A27C55-2EF3-4587-B961-9F2214E8ED4F}.Debug|x86.ActiveCfg = Debug|Win32
		{42A27C55-2EF3-4587-B961-9F2214E8ED4F}.Debug|x86.Build.0 = Debug|Win32
		{42A27C55-2EF3-4587-B961-9F2214E8ED4F}.Release|x64.ActiveCfg = Release|x64
		{42A27C55-2EF3-4587-B961-9F2214E8ED4F}.Release|x64.Build.0 = Release|x64
		{42A27C55-2EF3-4587-B961-9F2214E8ED4F}.Release|x86.ActiveCfg = Release|Win32
		{42A27C55-2EF3-4587-B961-9F2214E8ED4F}.Release|x86.Build.0 = Release|Win32
		{0D0704BB-D67C-4FFA-BA2E-7F17006766BA}.Debug|x64.ActiveCfg = Debug|x64
		{0D0704BB-D67C-4FFA-BA2E-7F17006766BA}.Debug|x64.Build.0 = Debug|x64
		{0D0704BB-D67C-4FFA-BA2E-7F17006766BA}.Debug|x86.ActiveCfg = Debug|Win32
		{0D0704BB-D67C-4FFA-BA2E-7F17006766BA}.Debug|x86.Build.0 = Debug|Win32
		{0D0704BB-D67C-4FFA-BA2E-7F17006766BA}.Release|x64.ActiveCfg = Release|x64
		{0D0704BB-D67C-4FFA-BA2E-7F17006766BA}.Release|x64.Build.0 = Release|x64
		{0D0704BB-D67C-4FFA-BA2E-7F17006766BA}.Release|x86.ActiveCfg = Release|Win32
		{0D0704BB-D67C-4FFA-BA2E-7F17006766BA}.Release|x86.Build.0 = Release|Win32
	EndGlobalSection
	GlobalSection(SolutionProperties) = preSolution
		HideSolutionNode = FALSE
	EndGlobalSection
	GlobalSection(ExtensibilityGlobals) = postSolution
		SolutionGuid = {74D209CF-4931-413C-83F4-85D34C09F2E7}
	EndGlobalSection
EndGlobal
